
Microsoft Visual Studio Solution File, Format Version 12.00
# Visual Studio 15
VisualStudioVersion = 15.0.28307.136
MinimumVisualStudioVersion = 10.0.40219.1
Project("{2150E333-8FDC-42A3-9474-1A3956D46DE8}") = "src", "src", "{86F64B68-D725-44E1-AF7B-AD3E60DCA738}"
EndProject
Project("{2150E333-8FDC-42A3-9474-1A3956D46DE8}") = "Solution Items", "Solution Items", "{6AD0918F-EC95-4E15-A7A9-A8911EAC6642}"
	ProjectSection(SolutionItems) = preProject
		Readme.md = Readme.md
	EndProjectSection
EndProject
Project("{9A19103F-16F7-4668-BE54-9A1E7A4F7556}") = "Leetcode.Web.Host", "src\Leetcode.Web.Host\Leetcode.Web.Host.csproj", "{C059542E-6C8D-44A7-B376-0946F3608383}"
EndProject
Global
	GlobalSection(SolutionConfigurationPlatforms) = preSolution
		Debug|Any CPU = Debug|Any CPU
		Release|Any CPU = Release|Any CPU
	EndGlobalSection
	GlobalSection(ProjectConfigurationPlatforms) = postSolution
		{C059542E-6C8D-44A7-B376-0946F3608383}.Debug|Any CPU.ActiveCfg = Debug|Any CPU
		{C059542E-6C8D-44A7-B376-0946F3608383}.Debug|Any CPU.Build.0 = Debug|Any CPU
		{C059542E-6C8D-44A7-B376-0946F3608383}.Release|Any CPU.ActiveCfg = Release|Any CPU
		{C059542E-6C8D-44A7-B376-0946F3608383}.Release|Any CPU.Build.0 = Release|Any CPU
	EndGlobalSection
	GlobalSection(SolutionProperties) = preSolution
		HideSolutionNode = FALSE
	EndGlobalSection
	GlobalSection(NestedProjects) = preSolution
		{C059542E-6C8D-44A7-B376-0946F3608383} = {86F64B68-D725-44E1-AF7B-AD3E60DCA738}
	EndGlobalSection
	GlobalSection(ExtensibilityGlobals) = postSolution
		SolutionGuid = {889FE810-6646-431B-B4F5-E9B0D3A2B4AF}
	EndGlobalSection
EndGlobal
